
Microsoft Visual Studio Solution File, Format Version 12.00
# Visual Studio Version 16
VisualStudioVersion = 16.0.31321.278
MinimumVisualStudioVersion = 10.0.40219.1
Project("{8BC9CEB8-8B4A-11D0-8D11-00A0C91BC942}") = "MFC_SendEmail", "MFC_SendEmail.vcxproj", "{DDA57A53-47C8-40B3-984A-6E2C3D5BC71F}"
EndProject
Global
	GlobalSection(SolutionConfigurationPlatforms) = preSolution
		Debug|x64 = Debug|x64
		Debug|x86 = Debug|x86
		Release|x64 = Release|x64
		Release|x86 = Release|x86
	EndGlobalSection
	GlobalSection(ProjectConfigurationPlatforms) = postSolution
		{DDA57A53-47C8-40B3-984A-6E2C3D5BC71F}.Debug|x64.ActiveCfg = Debug|x64
		{DDA57A53-47C8-40B3-984A-6E2C3D5BC71F}.Debug|x64.Build.0 = Debug|x64
		{DDA57A53-47C8-40B3-984A-6E2C3D5BC71F}.Debug|x86.ActiveCfg = Debug|Win32
		{DDA57A53-47C8-40B3-984A-6E2C3D5BC71F}.Debug|x86.Build.0 = Debug|Win32
		{DDA57A53-47C8-40B3-984A-6E2C3D5BC71F}.Release|x64.ActiveCfg = Release|x64
		{DDA57A53-47C8-40B3-984A-6E2C3D5BC71F}.Release|x64.Build.0 = Release|x64
		{DDA57A53-47C8-40B3-984A-6E2C3D5BC71F}.Release|x86.ActiveCfg = Release|Win32
		{DDA57A53-47C8-40B3-984A-6E2C3D5BC71F}.Release|x86.Build.0 = Release|Win32
	EndGlobalSection
	GlobalSection(SolutionProperties) = preSolution
		HideSolutionNode = FALSE
	EndGlobalSection
	GlobalSection(ExtensibilityGlobals) = postSolution
		SolutionGuid = {0918D8E5-BAC3-41AE-83D5-4AECCCA7C0CB}
	EndGlobalSection
EndGlobal
